
Microsoft Visual Studio Solution File, Format Version 12.00
# Visual Studio 15
VisualStudioVersion = 15.0.28307.757
MinimumVisualStudioVersion = 10.0.40219.1
Project("{FAE04EC0-301F-11D3-BF4B-00C04F79EFBC}") = "PageObject", "PageObject\PageObject.csproj", "{FB0E638D-5DF3-4671-9574-97E961500D1C}"
EndProject
Project("{FAE04EC0-301F-11D3-BF4B-00C04F79EFBC}") = "RussianRailwayTests", "RussianRailwayTests\RussianRailwayTests.csproj", "{2F7D462F-333E-48D6-B996-46BD5DEE3BC8}"
EndProject
Global
	GlobalSection(SolutionConfigurationPlatforms) = preSolution
		Debug|Any CPU = Debug|Any CPU
		Release|Any CPU = Release|Any CPU
	EndGlobalSection
	GlobalSection(ProjectConfigurationPlatforms) = postSolution
		{FB0E638D-5DF3-4671-9574-97E961500D1C}.Debug|Any CPU.ActiveCfg = Debug|Any CPU
		{FB0E638D-5DF3-4671-9574-97E961500D1C}.Debug|Any CPU.Build.0 = Debug|Any CPU
		{FB0E638D-5DF3-4671-9574-97E961500D1C}.Release|Any CPU.ActiveCfg = Release|Any CPU
		{FB0E638D-5DF3-4671-9574-97E961500D1C}.Release|Any CPU.Build.0 = Release|Any CPU
		{2F7D462F-333E-48D6-B996-46BD5DEE3BC8}.Debug|Any CPU.ActiveCfg = Debug|Any CPU
		{2F7D462F-333E-48D6-B996-46BD5DEE3BC8}.Debug|Any CPU.Build.0 = Debug|Any CPU
		{2F7D462F-333E-48D6-B996-46BD5DEE3BC8}.Release|Any CPU.ActiveCfg = Release|Any CPU
		{2F7D462F-333E-48D6-B996-46BD5DEE3BC8}.Release|Any CPU.Build.0 = Release|Any CPU
	EndGlobalSection
	GlobalSection(SolutionProperties) = preSolution
		HideSolutionNode = FALSE
	EndGlobalSection
	GlobalSection(ExtensibilityGlobals) = postSolution
		SolutionGuid = {A3EF4CBD-E1F1-4EE6-8F34-AE095C996674}
	EndGlobalSection
EndGlobal
