
Microsoft Visual Studio Solution File, Format Version 12.00
# Visual Studio 15
VisualStudioVersion = 15.0.28307.757
MinimumVisualStudioVersion = 10.0.40219.1
Project("{FAE04EC0-301F-11D3-BF4B-00C04F79EFBC}") = "xUnit", "xUnit\xUnit.csproj", "{0CAEBDEB-C9D2-43B8-9BEC-BA5BF71AFBB9}"
EndProject
Project("{FAE04EC0-301F-11D3-BF4B-00C04F79EFBC}") = "xUnit.Tests", "xUnit.Tests\xUnit.Tests.csproj", "{43B907C0-6745-4D45-B370-15B6CDE5115F}"
EndProject
Global
	GlobalSection(SolutionConfigurationPlatforms) = preSolution
		Debug|Any CPU = Debug|Any CPU
		Release|Any CPU = Release|Any CPU
	EndGlobalSection
	GlobalSection(ProjectConfigurationPlatforms) = postSolution
		{0CAEBDEB-C9D2-43B8-9BEC-BA5BF71AFBB9}.Debug|Any CPU.ActiveCfg = Debug|Any CPU
		{0CAEBDEB-C9D2-43B8-9BEC-BA5BF71AFBB9}.Debug|Any CPU.Build.0 = Debug|Any CPU
		{0CAEBDEB-C9D2-43B8-9BEC-BA5BF71AFBB9}.Release|Any CPU.ActiveCfg = Release|Any CPU
		{0CAEBDEB-C9D2-43B8-9BEC-BA5BF71AFBB9}.Release|Any CPU.Build.0 = Release|Any CPU
		{43B907C0-6745-4D45-B370-15B6CDE5115F}.Debug|Any CPU.ActiveCfg = Debug|Any CPU
		{43B907C0-6745-4D45-B370-15B6CDE5115F}.Debug|Any CPU.Build.0 = Debug|Any CPU
		{43B907C0-6745-4D45-B370-15B6CDE5115F}.Release|Any CPU.ActiveCfg = Release|Any CPU
		{43B907C0-6745-4D45-B370-15B6CDE5115F}.Release|Any CPU.Build.0 = Release|Any CPU
	EndGlobalSection
	GlobalSection(SolutionProperties) = preSolution
		HideSolutionNode = FALSE
	EndGlobalSection
	GlobalSection(ExtensibilityGlobals) = postSolution
		SolutionGuid = {6EB5553F-237A-49C4-A20B-128F0D2976EA}
	EndGlobalSection
EndGlobal
